{
  "name": "HPP",
  "lockfileVersion": 3,
  "requires": true,
  "packages": {
    "": {
      "dependencies": {
        "@babel/standalone": "^8.0.3"
      }
    },
    "node_modules/@babel/standalone": {
      "version": "8.0.3",
      "resolved": "https://registry.npmjs.org/@babel/standalone/-/standalone-8.0.3.tgz",
      "integrity": "sha512-lYtDQG08udh0+pGOQxj1R8W+fIbp7T0F8XFEFSvfWNQ+ywmi/bOxTcSDSB84y0et+B+QQl8yMWl/rnSB7OzLMg==",
      "engines": {
        "node": "^22.18.0 || >=24.11.0"
      }
    }
  }
}
